---
path: ".gem_rbs_collection"
gems:
- name: ast
  version: '2.4'
  source:
    type: git
    name: ruby/gem_rbs_collection
    revision: 7651e7b92c15bd5b4bc11fd3dd455be0ea571fd0
    remote: https://github.com/ruby/gem_rbs_collection.git
    repo_dir: gems
- name: diff-lcs
  version: '1.5'
  source:
    type: git
    name: ruby/gem_rbs_collection
    revision: 7651e7b92c15bd5b4bc11fd3dd455be0ea571fd0
    remote: https://github.com/ruby/gem_rbs_collection.git
    repo_dir: gems
- name: domainic-dev-test
  version: 0.0.1
  source:
    type: rubygems
- name: json
  version: '0'
  source:
    type: stdlib
- name: logger
  version: '0'
  source:
    type: stdlib
- name: monitor
  version: '0'
  source:
    type: stdlib
- name: optparse
  version: '0'
  source:
    type: stdlib
- name: parallel
  version: '1.20'
  source:
    type: git
    name: ruby/gem_rbs_collection
    revision: 7651e7b92c15bd5b4bc11fd3dd455be0ea571fd0
    remote: https://github.com/ruby/gem_rbs_collection.git
    repo_dir: gems
- name: parser
  version: '3.2'
  source:
    type: git
    name: ruby/gem_rbs_collection
    revision: 7651e7b92c15bd5b4bc11fd3dd455be0ea571fd0
    remote: https://github.com/ruby/gem_rbs_collection.git
    repo_dir: gems
- name: rainbow
  version: '3.0'
  source:
    type: git
    name: ruby/gem_rbs_collection
    revision: 7651e7b92c15bd5b4bc11fd3dd455be0ea571fd0
    remote: https://github.com/ruby/gem_rbs_collection.git
    repo_dir: gems
- name: regexp_parser
  version: '2.8'
  source:
    type: git
    name: ruby/gem_rbs_collection
    revision: 7651e7b92c15bd5b4bc11fd3dd455be0ea571fd0
    remote: https://github.com/ruby/gem_rbs_collection.git
    repo_dir: gems
- name: ripper
  version: '0'
  source:
    type: stdlib
- name: rubocop
  version: '1.57'
  source:
    type: git
    name: ruby/gem_rbs_collection
    revision: 7651e7b92c15bd5b4bc11fd3dd455be0ea571fd0
    remote: https://github.com/ruby/gem_rbs_collection.git
    repo_dir: gems
- name: rubocop-ast
  version: '1.30'
  source:
    type: git
    name: ruby/gem_rbs_collection
    revision: 7651e7b92c15bd5b4bc11fd3dd455be0ea571fd0
    remote: https://github.com/ruby/gem_rbs_collection.git
    repo_dir: gems
- name: rubocop-yard
  version: 0.10.0
  source:
    type: rubygems
- name: simplecov
  version: '0.22'
  source:
    type: git
    name: ruby/gem_rbs_collection
    revision: 7651e7b92c15bd5b4bc11fd3dd455be0ea571fd0
    remote: https://github.com/ruby/gem_rbs_collection.git
    repo_dir: gems
- name: yard
  version: '0.9'
  source:
    type: git
    name: ruby/gem_rbs_collection
    revision: 7651e7b92c15bd5b4bc11fd3dd455be0ea571fd0
    remote: https://github.com/ruby/gem_rbs_collection.git
    repo_dir: gems
- name: zlib
  version: '0'
  source:
    type: stdlib
gemfile_lock_path: Gemfile.lock
